fastapi==0.116.1
uvicorn==0.35.0
lightgbm==4.6.0
scikit-learn==1.7.1
pandas==2.2.3
numpy==1.26.4
joblib==1.5.1
pyarrow==23.0.0
pyyaml==6.0.3
filelock==3.20.0
redis==7.0.1
dill==0.4.0
fire==0.7.1
ruamel.yaml==0.18.16
python-redis-lock==4.0.0
tqdm==4.67.1
pymongo==4.15.3
loguru==0.7.3
requests==2.32.5
pydantic-settings==2.12.0
packaging==25.0
mlflow-skinny==3.14.0
